
Microsoft Visual Studio Solution File, Format Version 12.00
# Visual Studio Version 17
VisualStudioVersion = 17.3.32819.101
MinimumVisualStudioVersion = 10.0.40219.1
Project("{FAE04EC0-301F-11D3-BF4B-00C04F79EFBC}") = "ISCEXtest1", "ISCEXtest1.csproj", "{C23E98D5-4C03-4AC9-B5E5-C5B6FEC8DC28}"
EndProject
Project("{FAE04EC0-301F-11D3-BF4B-00C04F79EFBC}") = "ISCEXconsole", "..\ISCEXconsole\ISCEXconsole.csproj", "{C20D4A51-2F33-49FA-96CB-51D4B5BD606D}"
EndProject
Global
	GlobalSection(SolutionConfigurationPlatforms) = preSolution
		Debug|Any CPU = Debug|Any CPU
		Release|Any CPU = Release|Any CPU
	EndGlobalSection
	GlobalSection(ProjectConfigurationPlatforms) = postSolution
		{C23E98D5-4C03-4AC9-B5E5-C5B6FEC8DC28}.Debug|Any CPU.ActiveCfg = Debug|Any CPU
		{C23E98D5-4C03-4AC9-B5E5-C5B6FEC8DC28}.Debug|Any CPU.Build.0 = Debug|Any CPU
		{C23E98D5-4C03-4AC9-B5E5-C5B6FEC8DC28}.Release|Any CPU.ActiveCfg = Release|Any CPU
		{C23E98D5-4C03-4AC9-B5E5-C5B6FEC8DC28}.Release|Any CPU.Build.0 = Release|Any CPU
		{C20D4A51-2F33-49FA-96CB-51D4B5BD606D}.Debug|Any CPU.ActiveCfg = Debug|Any CPU
		{C20D4A51-2F33-49FA-96CB-51D4B5BD606D}.Debug|Any CPU.Build.0 = Debug|Any CPU
		{C20D4A51-2F33-49FA-96CB-51D4B5BD606D}.Release|Any CPU.ActiveCfg = Release|Any CPU
		{C20D4A51-2F33-49FA-96CB-51D4B5BD606D}.Release|Any CPU.Build.0 = Release|Any CPU
	EndGlobalSection
	GlobalSection(SolutionProperties) = preSolution
		HideSolutionNode = FALSE
	EndGlobalSection
	GlobalSection(ExtensibilityGlobals) = postSolution
		SolutionGuid = {26C4859E-6FDD-4B97-93E5-2F49900D66BE}
	EndGlobalSection
EndGlobal
